
Microsoft Visual Studio Solution File, Format Version 12.00
Project("{FAE04EC0-301F-11D3-BF4B-00C04F79EFBC}") = "MyHashTable", "MyHashTable\MyHashTable.csproj", "{72AC9726-0C60-40A4-A2D2-80A60665FBBD}"
EndProject
Global
	GlobalSection(SolutionConfigurationPlatforms) = preSolution
		Debug|Any CPU = Debug|Any CPU
		Release|Any CPU = Release|Any CPU
	EndGlobalSection
	GlobalSection(ProjectConfigurationPlatforms) = postSolution
		{72AC9726-0C60-40A4-A2D2-80A60665FBBD}.Debug|Any CPU.ActiveCfg = Debug|Any CPU
		{72AC9726-0C60-40A4-A2D2-80A60665FBBD}.Debug|Any CPU.Build.0 = Debug|Any CPU
		{72AC9726-0C60-40A4-A2D2-80A60665FBBD}.Release|Any CPU.ActiveCfg = Release|Any CPU
		{72AC9726-0C60-40A4-A2D2-80A60665FBBD}.Release|Any CPU.Build.0 = Release|Any CPU
	EndGlobalSection
EndGlobal
